
Microsoft Visual Studio Solution File, Format Version 12.00
# Visual Studio Version 17
VisualStudioVersion = 17.4.33103.184
MinimumVisualStudioVersion = 10.0.40219.1
Project("{FAE04EC0-301F-11D3-BF4B-00C04F79EFBC}") = "ReportSmsService", "ReportSmsService\ReportSmsService.csproj", "{7B7686E4-7818-4203-8243-7FC9513C90B4}"
EndProject
Project("{FAE04EC0-301F-11D3-BF4B-00C04F79EFBC}") = "TestSmsService", "TestSmsService\TestSmsService.csproj", "{27EE7719-4309-4B30-B0BC-BB08CFD9DD5A}"
EndProject
Project("{FAE04EC0-301F-11D3-BF4B-00C04F79EFBC}") = "ReportSmsService.Core", "ReportSmsService.Core\ReportSmsService.Core.csproj", "{14B92D31-A783-43B9-9DF8-C20A776D2BF3}"
EndProject
Project("{FAE04EC0-301F-11D3-BF4B-00C04F79EFBC}") = "SmsSender", "SmsSender\SmsSender.csproj", "{7209468B-1D41-4E55-A4B4-ED987116188C}"
EndProject
Project("{FAE04EC0-301F-11D3-BF4B-00C04F79EFBC}") = "Cipher", "Cipher\Cipher.csproj", "{F8E2C1C7-F12D-46FD-A5B0-D41093F71823}"
EndProject
Global
	GlobalSection(SolutionConfigurationPlatforms) = preSolution
		Debug|Any CPU = Debug|Any CPU
		Release|Any CPU = Release|Any CPU
	EndGlobalSection
	GlobalSection(ProjectConfigurationPlatforms) = postSolution
		{7B7686E4-7818-4203-8243-7FC9513C90B4}.Debug|Any CPU.ActiveCfg = Debug|Any CPU
		{7B7686E4-7818-4203-8243-7FC9513C90B4}.Debug|Any CPU.Build.0 = Debug|Any CPU
		{7B7686E4-7818-4203-8243-7FC9513C90B4}.Release|Any CPU.ActiveCfg = Release|Any CPU
		{7B7686E4-7818-4203-8243-7FC9513C90B4}.Release|Any CPU.Build.0 = Release|Any CPU
		{27EE7719-4309-4B30-B0BC-BB08CFD9DD5A}.Debug|Any CPU.ActiveCfg = Debug|Any CPU
		{27EE7719-4309-4B30-B0BC-BB08CFD9DD5A}.Debug|Any CPU.Build.0 = Debug|Any CPU
		{27EE7719-4309-4B30-B0BC-BB08CFD9DD5A}.Release|Any CPU.ActiveCfg = Release|Any CPU
		{27EE7719-4309-4B30-B0BC-BB08CFD9DD5A}.Release|Any CPU.Build.0 = Release|Any CPU
		{14B92D31-A783-43B9-9DF8-C20A776D2BF3}.Debug|Any CPU.ActiveCfg = Debug|Any CPU
		{14B92D31-A783-43B9-9DF8-C20A776D2BF3}.Debug|Any CPU.Build.0 = Debug|Any CPU
		{14B92D31-A783-43B9-9DF8-C20A776D2BF3}.Release|Any CPU.ActiveCfg = Release|Any CPU
		{14B92D31-A783-43B9-9DF8-C20A776D2BF3}.Release|Any CPU.Build.0 = Release|Any CPU
		{7209468B-1D41-4E55-A4B4-ED987116188C}.Debug|Any CPU.ActiveCfg = Debug|Any CPU
		{7209468B-1D41-4E55-A4B4-ED987116188C}.Debug|Any CPU.Build.0 = Debug|Any CPU
		{7209468B-1D41-4E55-A4B4-ED987116188C}.Release|Any CPU.ActiveCfg = Release|Any CPU
		{7209468B-1D41-4E55-A4B4-ED987116188C}.Release|Any CPU.Build.0 = Release|Any CPU
		{F8E2C1C7-F12D-46FD-A5B0-D41093F71823}.Debug|Any CPU.ActiveCfg = Debug|Any CPU
		{F8E2C1C7-F12D-46FD-A5B0-D41093F71823}.Debug|Any CPU.Build.0 = Debug|Any CPU
		{F8E2C1C7-F12D-46FD-A5B0-D41093F71823}.Release|Any CPU.ActiveCfg = Release|Any CPU
		{F8E2C1C7-F12D-46FD-A5B0-D41093F71823}.Release|Any CPU.Build.0 = Release|Any CPU
	EndGlobalSection
	GlobalSection(SolutionProperties) = preSolution
		HideSolutionNode = FALSE
	EndGlobalSection
	GlobalSection(ExtensibilityGlobals) = postSolution
		SolutionGuid = {09919306-8C16-466B-B56C-53A010A04BFB}
	EndGlobalSection
EndGlobal
